
Microsoft Visual Studio Solution File, Format Version 12.00
# Visual Studio 15
VisualStudioVersion = 15.0.37327.16
MinimumVisualStudioVersion = 10.0.40219.1
Project("{FAE04EC0-301F-11D3-BF4B-00C04F79EFBC}") = "StudentBudgetTracker", "StudentBudgetTracker\StudentBudgetTracker.csproj", "{694046C6-2628-411D-B9FB-B781A2F31353}"
EndProject
Global
	GlobalSection(SolutionConfigurationPlatforms) = preSolution
		Debug|Any CPU = Debug|Any CPU
		Release|Any CPU = Release|Any CPU
	EndGlobalSection
	GlobalSection(ProjectConfigurationPlatforms) = postSolution
		{694046C6-2628-411D-B9FB-B781A2F31353}.Debug|Any CPU.ActiveCfg = Debug|Any CPU
		{694046C6-2628-411D-B9FB-B781A2F31353}.Debug|Any CPU.Build.0 = Debug|Any CPU
		{694046C6-2628-411D-B9FB-B781A2F31353}.Release|Any CPU.ActiveCfg = Release|Any CPU
		{694046C6-2628-411D-B9FB-B781A2F31353}.Release|Any CPU.Build.0 = Release|Any CPU
	EndGlobalSection
	GlobalSection(SolutionProperties) = preSolution
		HideSolutionNode = FALSE
	EndGlobalSection
	GlobalSection(ExtensibilityGlobals) = postSolution
		SolutionGuid = {09F1C70F-D194-4FE4-AFE7-0A250B869E56}
	EndGlobalSection
EndGlobal
